
Microsoft Visual Studio Solution File, Format Version 12.00
# Visual Studio Version 17
VisualStudioVersion = 17.10.35027.167
MinimumVisualStudioVersion = 10.0.40219.1
Project("{9A19103F-16F7-4668-BE54-9A1E7A4F7556}") = "console1", "console1\console1.csproj", "{BE4CDD30-0B82-4CD1-B21E-D6DED174E032}"
EndProject
Project("{9A19103F-16F7-4668-BE54-9A1E7A4F7556}") = "console2", "console2\console2.csproj", "{A190955F-C2CF-46A6-97C0-AD8242E08118}"
EndProject
Project("{FAE04EC0-301F-11D3-BF4B-00C04F79EFBC}") = "console3", "console3\console3.csproj", "{8FC7359E-6963-4D74-BE2D-C667D871050F}"
EndProject
Global
	GlobalSection(SolutionConfigurationPlatforms) = preSolution
		Debug|Any CPU = Debug|Any CPU
		Debug|x64 = Debug|x64
		Debug|x86 = Debug|x86
		Release|Any CPU = Release|Any CPU
		Release|x64 = Release|x64
		Release|x86 = Release|x86
	EndGlobalSection
	GlobalSection(ProjectConfigurationPlatforms) = postSolution
		{BE4CDD30-0B82-4CD1-B21E-D6DED174E032}.Debug|Any CPU.ActiveCfg = Debug|Any CPU
		{BE4CDD30-0B82-4CD1-B21E-D6DED174E032}.Debug|Any CPU.Build.0 = Debug|Any CPU
		{BE4CDD30-0B82-4CD1-B21E-D6DED174E032}.Debug|x64.ActiveCfg = Debug|Any CPU
		{BE4CDD30-0B82-4CD1-B21E-D6DED174E032}.Debug|x64.Build.0 = Debug|Any CPU
		{BE4CDD30-0B82-4CD1-B21E-D6DED174E032}.Debug|x86.ActiveCfg = Debug|Any CPU
		{BE4CDD30-0B82-4CD1-B21E-D6DED174E032}.Debug|x86.Build.0 = Debug|Any CPU
		{BE4CDD30-0B82-4CD1-B21E-D6DED174E032}.Release|Any CPU.ActiveCfg = Release|Any CPU
		{BE4CDD30-0B82-4CD1-B21E-D6DED174E032}.Release|Any CPU.Build.0 = Release|Any CPU
		{BE4CDD30-0B82-4CD1-B21E-D6DED174E032}.Release|x64.ActiveCfg = Release|Any CPU
		{BE4CDD30-0B82-4CD1-B21E-D6DED174E032}.Release|x64.Build.0 = Release|Any CPU
		{BE4CDD30-0B82-4CD1-B21E-D6DED174E032}.Release|x86.ActiveCfg = Release|Any CPU
		{BE4CDD30-0B82-4CD1-B21E-D6DED174E032}.Release|x86.Build.0 = Release|Any CPU
		{A190955F-C2CF-46A6-97C0-AD8242E08118}.Debug|Any CPU.ActiveCfg = Debug|Any CPU
		{A190955F-C2CF-46A6-97C0-AD8242E08118}.Debug|Any CPU.Build.0 = Debug|Any CPU
		{A190955F-C2CF-46A6-97C0-AD8242E08118}.Debug|x64.ActiveCfg = Debug|Any CPU
		{A190955F-C2CF-46A6-97C0-AD8242E08118}.Debug|x64.Build.0 = Debug|Any CPU
		{A190955F-C2CF-46A6-97C0-AD8242E08118}.Debug|x86.ActiveCfg = Debug|Any CPU
		{A190955F-C2CF-46A6-97C0-AD8242E08118}.Debug|x86.Build.0 = Debug|Any CPU
		{A190955F-C2CF-46A6-97C0-AD8242E08118}.Release|Any CPU.ActiveCfg = Release|Any CPU
		{A190955F-C2CF-46A6-97C0-AD8242E08118}.Release|Any CPU.Build.0 = Release|Any CPU
		{A190955F-C2CF-46A6-97C0-AD8242E08118}.Release|x64.ActiveCfg = Release|Any CPU
		{A190955F-C2CF-46A6-97C0-AD8242E08118}.Release|x64.Build.0 = Release|Any CPU
		{A190955F-C2CF-46A6-97C0-AD8242E08118}.Release|x86.ActiveCfg = Release|Any CPU
		{A190955F-C2CF-46A6-97C0-AD8242E08118}.Release|x86.Build.0 = Release|Any CPU
		{8FC7359E-6963-4D74-BE2D-C667D871050F}.Debug|Any CPU.ActiveCfg = Debug|Any CPU
		{8FC7359E-6963-4D74-BE2D-C667D871050F}.Debug|Any CPU.Build.0 = Debug|Any CPU
		{8FC7359E-6963-4D74-BE2D-C667D871050F}.Debug|x64.ActiveCfg = Debug|Any CPU
		{8FC7359E-6963-4D74-BE2D-C667D871050F}.Debug|x64.Build.0 = Debug|Any CPU
		{8FC7359E-6963-4D74-BE2D-C667D871050F}.Debug|x86.ActiveCfg = Debug|Any CPU
		{8FC7359E-6963-4D74-BE2D-C667D871050F}.Debug|x86.Build.0 = Debug|Any CPU
		{8FC7359E-6963-4D74-BE2D-C667D871050F}.Release|Any CPU.ActiveCfg = Release|Any CPU
		{8FC7359E-6963-4D74-BE2D-C667D871050F}.Release|Any CPU.Build.0 = Release|Any CPU
		{8FC7359E-6963-4D74-BE2D-C667D871050F}.Release|x64.ActiveCfg = Release|Any CPU
		{8FC7359E-6963-4D74-BE2D-C667D871050F}.Release|x64.Build.0 = Release|Any CPU
		{8FC7359E-6963-4D74-BE2D-C667D871050F}.Release|x86.ActiveCfg = Release|Any CPU
		{8FC7359E-6963-4D74-BE2D-C667D871050F}.Release|x86.Build.0 = Release|Any CPU
	EndGlobalSection
	GlobalSection(SolutionProperties) = preSolution
		HideSolutionNode = FALSE
	EndGlobalSection
	GlobalSection(ExtensibilityGlobals) = postSolution
		SolutionGuid = {0B712C6C-5855-4D4E-9C71-F32BA0B7CE60}
	EndGlobalSection
EndGlobal
